
Microsoft Visual Studio Solution File, Format Version 12.00
# Visual Studio Version 16
VisualStudioVersion = 16.0.29215.179
MinimumVisualStudioVersion = 10.0.40219.1
Project("{2150E333-8FDC-42A3-9474-1A3956D46DE8}") = "Engine", "Engine", "{B0FD622D-BA4B-4B31-B1BF-40736F911E89}"
EndProject
Project("{FAE04EC0-301F-11D3-BF4B-00C04F79EFBC}") = "SubterfugeCore", "Core\SubterfugeCore\SubterfugeCore.csproj", "{48D0B106-36E9-49A8-9BA6-6BB2AA97B58C}"
EndProject
Project("{FAE04EC0-301F-11D3-BF4B-00C04F79EFBC}") = "SubterfugeCoreTest", "Core\SubterfugeCoreTest\SubterfugeCoreTest.csproj", "{C8124D15-E4F5-4799-AB34-7A2E54552108}"
EndProject
Project("{2150E333-8FDC-42A3-9474-1A3956D46DE8}") = "Server", "Server", "{BF8D86D2-5F72-4559-90EC-7A249CC25B59}"
ProjectSection(SolutionItems) = preProject
	Server\docker-compose.yml = Server\docker-compose.yml
	Server\Dockerfile = Server\Dockerfile
EndProjectSection
EndProject
Project("{FAE04EC0-301F-11D3-BF4B-00C04F79EFBC}") = "Models", "Core\Models\Models.csproj", "{98D9890E-D1CC-4028-AB07-4815D031349F}"
EndProject
Project("{FAE04EC0-301F-11D3-BF4B-00C04F79EFBC}") = "SubterfugeRestApiServer", "Server\SubterfugeRestApiServer\SubterfugeRestApiServer.csproj", "{8E861222-94AC-4048-B264-83CF345CB2C3}"
EndProject
Project("{FAE04EC0-301F-11D3-BF4B-00C04F79EFBC}") = "SubterfugeRestApiClient", "Server\SubterfugeRestApiClient\SubterfugeRestApiClient.csproj", "{96D25C5A-509A-427C-8222-A25B21A9852F}"
EndProject
Project("{FAE04EC0-301F-11D3-BF4B-00C04F79EFBC}") = "SubterfugeRestApiServerTest", "Server\SubterfugeRestApiServerTest\SubterfugeRestApiServerTest.csproj", "{C8B467E0-97E0-4475-97BE-68BA873F71B1}"
EndProject
Project("{FAE04EC0-301F-11D3-BF4B-00C04F79EFBC}") = "SubterfugeDatabaseProvider", "Server\SubterfugeDatabaseProvider\SubterfugeDatabaseProvider.csproj", "{F571DEBD-4EB8-4E95-BC19-A99B570A5650}"
EndProject
Global
	GlobalSection(SharedMSBuildProjectFiles) = preSolution
		SubterfugeRemake.Shared\SubterfugeRemake.Shared.projitems*{40bad8d2-6233-4756-9c77-74ed117c91f1}*SharedItemsImports = 4
		SubterfugeRemake.Shared\SubterfugeRemake.Shared.projitems*{9b3772b5-2508-4bf3-aec2-742206e648a8}*SharedItemsImports = 4
		SubterfugeRemake.Shared\SubterfugeRemake.Shared.projitems*{a0cdbd0e-3a41-42b7-9425-a838bc2c7383}*SharedItemsImports = 13
	EndGlobalSection
	GlobalSection(SolutionConfigurationPlatforms) = preSolution
		Ad-Hoc|Any CPU = Ad-Hoc|Any CPU
		Ad-Hoc|iPhone = Ad-Hoc|iPhone
		Ad-Hoc|iPhoneSimulator = Ad-Hoc|iPhoneSimulator
		AppStore|Any CPU = AppStore|Any CPU
		AppStore|iPhone = AppStore|iPhone
		AppStore|iPhoneSimulator = AppStore|iPhoneSimulator
		Debug|Any CPU = Debug|Any CPU
		Debug|iPhone = Debug|iPhone
		Debug|iPhoneSimulator = Debug|iPhoneSimulator
		Release|Any CPU = Release|Any CPU
		Release|iPhone = Release|iPhone
		Release|iPhoneSimulator = Release|iPhoneSimulator
	EndGlobalSection
	GlobalSection(ProjectConfigurationPlatforms) = postSolution
		{48D0B106-36E9-49A8-9BA6-6BB2AA97B58C}.Ad-Hoc|Any CPU.ActiveCfg = Debug|Any CPU
		{48D0B106-36E9-49A8-9BA6-6BB2AA97B58C}.Ad-Hoc|Any CPU.Build.0 = Debug|Any CPU
		{48D0B106-36E9-49A8-9BA6-6BB2AA97B58C}.Ad-Hoc|iPhone.ActiveCfg = Debug|Any CPU
		{48D0B106-36E9-49A8-9BA6-6BB2AA97B58C}.Ad-Hoc|iPhone.Build.0 = Debug|Any CPU
		{48D0B106-36E9-49A8-9BA6-6BB2AA97B58C}.Ad-Hoc|iPhoneSimulator.ActiveCfg = Debug|Any CPU
		{48D0B106-36E9-49A8-9BA6-6BB2AA97B58C}.Ad-Hoc|iPhoneSimulator.Build.0 = Debug|Any CPU
		{48D0B106-36E9-49A8-9BA6-6BB2AA97B58C}.AppStore|Any CPU.ActiveCfg = Debug|Any CPU
		{48D0B106-36E9-49A8-9BA6-6BB2AA97B58C}.AppStore|Any CPU.Build.0 = Debug|Any CPU
		{48D0B106-36E9-49A8-9BA6-6BB2AA97B58C}.AppStore|iPhone.ActiveCfg = Debug|Any CPU
		{48D0B106-36E9-49A8-9BA6-6BB2AA97B58C}.AppStore|iPhone.Build.0 = Debug|Any CPU
		{48D0B106-36E9-49A8-9BA6-6BB2AA97B58C}.AppStore|iPhoneSimulator.ActiveCfg = Debug|Any CPU
		{48D0B106-36E9-49A8-9BA6-6BB2AA97B58C}.AppStore|iPhoneSimulator.Build.0 = Debug|Any CPU
		{48D0B106-36E9-49A8-9BA6-6BB2AA97B58C}.Debug|Any CPU.ActiveCfg = Debug|Any CPU
		{48D0B106-36E9-49A8-9BA6-6BB2AA97B58C}.Debug|Any CPU.Build.0 = Debug|Any CPU
		{48D0B106-36E9-49A8-9BA6-6BB2AA97B58C}.Debug|iPhone.ActiveCfg = Debug|Any CPU
		{48D0B106-36E9-49A8-9BA6-6BB2AA97B58C}.Debug|iPhone.Build.0 = Debug|Any CPU
		{48D0B106-36E9-49A8-9BA6-6BB2AA97B58C}.Debug|iPhoneSimulator.ActiveCfg = Debug|Any CPU
		{48D0B106-36E9-49A8-9BA6-6BB2AA97B58C}.Debug|iPhoneSimulator.Build.0 = Debug|Any CPU
		{48D0B106-36E9-49A8-9BA6-6BB2AA97B58C}.Release|Any CPU.ActiveCfg = Release|Any CPU
		{48D0B106-36E9-49A8-9BA6-6BB2AA97B58C}.Release|Any CPU.Build.0 = Release|Any CPU
		{48D0B106-36E9-49A8-9BA6-6BB2AA97B58C}.Release|iPhone.ActiveCfg = Release|Any CPU
		{48D0B106-36E9-49A8-9BA6-6BB2AA97B58C}.Release|iPhone.Build.0 = Release|Any CPU
		{48D0B106-36E9-49A8-9BA6-6BB2AA97B58C}.Release|iPhoneSimulator.ActiveCfg = Release|Any CPU
		{48D0B106-36E9-49A8-9BA6-6BB2AA97B58C}.Release|iPhoneSimulator.Build.0 = Release|Any CPU
		{C8124D15-E4F5-4799-AB34-7A2E54552108}.Ad-Hoc|Any CPU.ActiveCfg = Debug|Any CPU
		{C8124D15-E4F5-4799-AB34-7A2E54552108}.Ad-Hoc|Any CPU.Build.0 = Debug|Any CPU
		{C8124D15-E4F5-4799-AB34-7A2E54552108}.Ad-Hoc|iPhone.ActiveCfg = Debug|Any CPU
		{C8124D15-E4F5-4799-AB34-7A2E54552108}.Ad-Hoc|iPhone.Build.0 = Debug|Any CPU
		{C8124D15-E4F5-4799-AB34-7A2E54552108}.Ad-Hoc|iPhoneSimulator.ActiveCfg = Debug|Any CPU
		{C8124D15-E4F5-4799-AB34-7A2E54552108}.Ad-Hoc|iPhoneSimulator.Build.0 = Debug|Any CPU
		{C8124D15-E4F5-4799-AB34-7A2E54552108}.AppStore|Any CPU.ActiveCfg = Debug|Any CPU
		{C8124D15-E4F5-4799-AB34-7A2E54552108}.AppStore|Any CPU.Build.0 = Debug|Any CPU
		{C8124D15-E4F5-4799-AB34-7A2E54552108}.AppStore|iPhone.ActiveCfg = Debug|Any CPU
		{C8124D15-E4F5-4799-AB34-7A2E54552108}.AppStore|iPhone.Build.0 = Debug|Any CPU
		{C8124D15-E4F5-4799-AB34-7A2E54552108}.AppStore|iPhoneSimulator.ActiveCfg = Debug|Any CPU
		{C8124D15-E4F5-4799-AB34-7A2E54552108}.AppStore|iPhoneSimulator.Build.0 = Debug|Any CPU
		{C8124D15-E4F5-4799-AB34-7A2E54552108}.Debug|Any CPU.ActiveCfg = Debug|Any CPU
		{C8124D15-E4F5-4799-AB34-7A2E54552108}.Debug|Any CPU.Build.0 = Debug|Any CPU
		{C8124D15-E4F5-4799-AB34-7A2E54552108}.Debug|iPhone.ActiveCfg = Debug|Any CPU
		{C8124D15-E4F5-4799-AB34-7A2E54552108}.Debug|iPhone.Build.0 = Debug|Any CPU
		{C8124D15-E4F5-4799-AB34-7A2E54552108}.Debug|iPhoneSimulator.ActiveCfg = Debug|Any CPU
		{C8124D15-E4F5-4799-AB34-7A2E54552108}.Debug|iPhoneSimulator.Build.0 = Debug|Any CPU
		{C8124D15-E4F5-4799-AB34-7A2E54552108}.Release|Any CPU.ActiveCfg = Release|Any CPU
		{C8124D15-E4F5-4799-AB34-7A2E54552108}.Release|Any CPU.Build.0 = Release|Any CPU
		{C8124D15-E4F5-4799-AB34-7A2E54552108}.Release|iPhone.ActiveCfg = Release|Any CPU
		{C8124D15-E4F5-4799-AB34-7A2E54552108}.Release|iPhone.Build.0 = Release|Any CPU
		{C8124D15-E4F5-4799-AB34-7A2E54552108}.Release|iPhoneSimulator.ActiveCfg = Release|Any CPU
		{C8124D15-E4F5-4799-AB34-7A2E54552108}.Release|iPhoneSimulator.Build.0 = Release|Any CPU
		{98D9890E-D1CC-4028-AB07-4815D031349F}.Ad-Hoc|Any CPU.ActiveCfg = Debug|Any CPU
		{98D9890E-D1CC-4028-AB07-4815D031349F}.Ad-Hoc|Any CPU.Build.0 = Debug|Any CPU
		{98D9890E-D1CC-4028-AB07-4815D031349F}.Ad-Hoc|iPhone.ActiveCfg = Debug|Any CPU
		{98D9890E-D1CC-4028-AB07-4815D031349F}.Ad-Hoc|iPhone.Build.0 = Debug|Any CPU
		{98D9890E-D1CC-4028-AB07-4815D031349F}.Ad-Hoc|iPhoneSimulator.ActiveCfg = Debug|Any CPU
		{98D9890E-D1CC-4028-AB07-4815D031349F}.Ad-Hoc|iPhoneSimulator.Build.0 = Debug|Any CPU
		{98D9890E-D1CC-4028-AB07-4815D031349F}.AppStore|Any CPU.ActiveCfg = Debug|Any CPU
		{98D9890E-D1CC-4028-AB07-4815D031349F}.AppStore|Any CPU.Build.0 = Debug|Any CPU
		{98D9890E-D1CC-4028-AB07-4815D031349F}.AppStore|iPhone.ActiveCfg = Debug|Any CPU
		{98D9890E-D1CC-4028-AB07-4815D031349F}.AppStore|iPhone.Build.0 = Debug|Any CPU
		{98D9890E-D1CC-4028-AB07-4815D031349F}.AppStore|iPhoneSimulator.ActiveCfg = Debug|Any CPU
		{98D9890E-D1CC-4028-AB07-4815D031349F}.AppStore|iPhoneSimulator.Build.0 = Debug|Any CPU
		{98D9890E-D1CC-4028-AB07-4815D031349F}.Debug|Any CPU.ActiveCfg = Debug|Any CPU
		{98D9890E-D1CC-4028-AB07-4815D031349F}.Debug|Any CPU.Build.0 = Debug|Any CPU
		{98D9890E-D1CC-4028-AB07-4815D031349F}.Debug|iPhone.ActiveCfg = Debug|Any CPU
		{98D9890E-D1CC-4028-AB07-4815D031349F}.Debug|iPhone.Build.0 = Debug|Any CPU
		{98D9890E-D1CC-4028-AB07-4815D031349F}.Debug|iPhoneSimulator.ActiveCfg = Debug|Any CPU
		{98D9890E-D1CC-4028-AB07-4815D031349F}.Debug|iPhoneSimulator.Build.0 = Debug|Any CPU
		{98D9890E-D1CC-4028-AB07-4815D031349F}.Release|Any CPU.ActiveCfg = Release|Any CPU
		{98D9890E-D1CC-4028-AB07-4815D031349F}.Release|Any CPU.Build.0 = Release|Any CPU
		{98D9890E-D1CC-4028-AB07-4815D031349F}.Release|iPhone.ActiveCfg = Release|Any CPU
		{98D9890E-D1CC-4028-AB07-4815D031349F}.Release|iPhone.Build.0 = Release|Any CPU
		{98D9890E-D1CC-4028-AB07-4815D031349F}.Release|iPhoneSimulator.ActiveCfg = Release|Any CPU
		{98D9890E-D1CC-4028-AB07-4815D031349F}.Release|iPhoneSimulator.Build.0 = Release|Any CPU
		{8E861222-94AC-4048-B264-83CF345CB2C3}.Debug|Any CPU.ActiveCfg = Debug|Any CPU
		{8E861222-94AC-4048-B264-83CF345CB2C3}.Debug|Any CPU.Build.0 = Debug|Any CPU
		{96D25C5A-509A-427C-8222-A25B21A9852F}.Ad-Hoc|Any CPU.ActiveCfg = Debug|Any CPU
		{96D25C5A-509A-427C-8222-A25B21A9852F}.Ad-Hoc|Any CPU.Build.0 = Debug|Any CPU
		{96D25C5A-509A-427C-8222-A25B21A9852F}.Ad-Hoc|iPhone.ActiveCfg = Debug|Any CPU
		{96D25C5A-509A-427C-8222-A25B21A9852F}.Ad-Hoc|iPhone.Build.0 = Debug|Any CPU
		{96D25C5A-509A-427C-8222-A25B21A9852F}.Ad-Hoc|iPhoneSimulator.ActiveCfg = Debug|Any CPU
		{96D25C5A-509A-427C-8222-A25B21A9852F}.Ad-Hoc|iPhoneSimulator.Build.0 = Debug|Any CPU
		{96D25C5A-509A-427C-8222-A25B21A9852F}.AppStore|Any CPU.ActiveCfg = Debug|Any CPU
		{96D25C5A-509A-427C-8222-A25B21A9852F}.AppStore|Any CPU.Build.0 = Debug|Any CPU
		{96D25C5A-509A-427C-8222-A25B21A9852F}.AppStore|iPhone.ActiveCfg = Debug|Any CPU
		{96D25C5A-509A-427C-8222-A25B21A9852F}.AppStore|iPhone.Build.0 = Debug|Any CPU
		{96D25C5A-509A-427C-8222-A25B21A9852F}.AppStore|iPhoneSimulator.ActiveCfg = Debug|Any CPU
		{96D25C5A-509A-427C-8222-A25B21A9852F}.AppStore|iPhoneSimulator.Build.0 = Debug|Any CPU
		{96D25C5A-509A-427C-8222-A25B21A9852F}.Debug|Any CPU.ActiveCfg = Debug|Any CPU
		{96D25C5A-509A-427C-8222-A25B21A9852F}.Debug|Any CPU.Build.0 = Debug|Any CPU
		{96D25C5A-509A-427C-8222-A25B21A9852F}.Debug|iPhone.ActiveCfg = Debug|Any CPU
		{96D25C5A-509A-427C-8222-A25B21A9852F}.Debug|iPhone.Build.0 = Debug|Any CPU
		{96D25C5A-509A-427C-8222-A25B21A9852F}.Debug|iPhoneSimulator.ActiveCfg = Debug|Any CPU
		{96D25C5A-509A-427C-8222-A25B21A9852F}.Debug|iPhoneSimulator.Build.0 = Debug|Any CPU
		{96D25C5A-509A-427C-8222-A25B21A9852F}.Release|Any CPU.ActiveCfg = Release|Any CPU
		{96D25C5A-509A-427C-8222-A25B21A9852F}.Release|Any CPU.Build.0 = Release|Any CPU
		{96D25C5A-509A-427C-8222-A25B21A9852F}.Release|iPhone.ActiveCfg = Release|Any CPU
		{96D25C5A-509A-427C-8222-A25B21A9852F}.Release|iPhone.Build.0 = Release|Any CPU
		{96D25C5A-509A-427C-8222-A25B21A9852F}.Release|iPhoneSimulator.ActiveCfg = Release|Any CPU
		{96D25C5A-509A-427C-8222-A25B21A9852F}.Release|iPhoneSimulator.Build.0 = Release|Any CPU
		{C8B467E0-97E0-4475-97BE-68BA873F71B1}.Ad-Hoc|Any CPU.ActiveCfg = Debug|Any CPU
		{C8B467E0-97E0-4475-97BE-68BA873F71B1}.Ad-Hoc|Any CPU.Build.0 = Debug|Any CPU
		{C8B467E0-97E0-4475-97BE-68BA873F71B1}.Ad-Hoc|iPhone.ActiveCfg = Debug|Any CPU
		{C8B467E0-97E0-4475-97BE-68BA873F71B1}.Ad-Hoc|iPhone.Build.0 = Debug|Any CPU
		{C8B467E0-97E0-4475-97BE-68BA873F71B1}.Ad-Hoc|iPhoneSimulator.ActiveCfg = Debug|Any CPU
		{C8B467E0-97E0-4475-97BE-68BA873F71B1}.Ad-Hoc|iPhoneSimulator.Build.0 = Debug|Any CPU
		{C8B467E0-97E0-4475-97BE-68BA873F71B1}.AppStore|Any CPU.ActiveCfg = Debug|Any CPU
		{C8B467E0-97E0-4475-97BE-68BA873F71B1}.AppStore|Any CPU.Build.0 = Debug|Any CPU
		{C8B467E0-97E0-4475-97BE-68BA873F71B1}.AppStore|iPhone.ActiveCfg = Debug|Any CPU
		{C8B467E0-97E0-4475-97BE-68BA873F71B1}.AppStore|iPhone.Build.0 = Debug|Any CPU
		{C8B467E0-97E0-4475-97BE-68BA873F71B1}.AppStore|iPhoneSimulator.ActiveCfg = Debug|Any CPU
		{C8B467E0-97E0-4475-97BE-68BA873F71B1}.AppStore|iPhoneSimulator.Build.0 = Debug|Any CPU
		{C8B467E0-97E0-4475-97BE-68BA873F71B1}.Debug|Any CPU.ActiveCfg = Debug|Any CPU
		{C8B467E0-97E0-4475-97BE-68BA873F71B1}.Debug|Any CPU.Build.0 = Debug|Any CPU
		{C8B467E0-97E0-4475-97BE-68BA873F71B1}.Debug|iPhone.ActiveCfg = Debug|Any CPU
		{C8B467E0-97E0-4475-97BE-68BA873F71B1}.Debug|iPhone.Build.0 = Debug|Any CPU
		{C8B467E0-97E0-4475-97BE-68BA873F71B1}.Debug|iPhoneSimulator.ActiveCfg = Debug|Any CPU
		{C8B467E0-97E0-4475-97BE-68BA873F71B1}.Debug|iPhoneSimulator.Build.0 = Debug|Any CPU
		{C8B467E0-97E0-4475-97BE-68BA873F71B1}.Release|Any CPU.ActiveCfg = Release|Any CPU
		{C8B467E0-97E0-4475-97BE-68BA873F71B1}.Release|Any CPU.Build.0 = Release|Any CPU
		{C8B467E0-97E0-4475-97BE-68BA873F71B1}.Release|iPhone.ActiveCfg = Release|Any CPU
		{C8B467E0-97E0-4475-97BE-68BA873F71B1}.Release|iPhone.Build.0 = Release|Any CPU
		{C8B467E0-97E0-4475-97BE-68BA873F71B1}.Release|iPhoneSimulator.ActiveCfg = Release|Any CPU
		{C8B467E0-97E0-4475-97BE-68BA873F71B1}.Release|iPhoneSimulator.Build.0 = Release|Any CPU
		{F571DEBD-4EB8-4E95-BC19-A99B570A5650}.Ad-Hoc|Any CPU.ActiveCfg = Debug|Any CPU
		{F571DEBD-4EB8-4E95-BC19-A99B570A5650}.Ad-Hoc|Any CPU.Build.0 = Debug|Any CPU
		{F571DEBD-4EB8-4E95-BC19-A99B570A5650}.Ad-Hoc|iPhone.ActiveCfg = Debug|Any CPU
		{F571DEBD-4EB8-4E95-BC19-A99B570A5650}.Ad-Hoc|iPhone.Build.0 = Debug|Any CPU
		{F571DEBD-4EB8-4E95-BC19-A99B570A5650}.Ad-Hoc|iPhoneSimulator.ActiveCfg = Debug|Any CPU
		{F571DEBD-4EB8-4E95-BC19-A99B570A5650}.Ad-Hoc|iPhoneSimulator.Build.0 = Debug|Any CPU
		{F571DEBD-4EB8-4E95-BC19-A99B570A5650}.AppStore|Any CPU.ActiveCfg = Debug|Any CPU
		{F571DEBD-4EB8-4E95-BC19-A99B570A5650}.AppStore|Any CPU.Build.0 = Debug|Any CPU
		{F571DEBD-4EB8-4E95-BC19-A99B570A5650}.AppStore|iPhone.ActiveCfg = Debug|Any CPU
		{F571DEBD-4EB8-4E95-BC19-A99B570A5650}.AppStore|iPhone.Build.0 = Debug|Any CPU
		{F571DEBD-4EB8-4E95-BC19-A99B570A5650}.AppStore|iPhoneSimulator.ActiveCfg = Debug|Any CPU
		{F571DEBD-4EB8-4E95-BC19-A99B570A5650}.AppStore|iPhoneSimulator.Build.0 = Debug|Any CPU
		{F571DEBD-4EB8-4E95-BC19-A99B570A5650}.Debug|Any CPU.ActiveCfg = Debug|Any CPU
		{F571DEBD-4EB8-4E95-BC19-A99B570A5650}.Debug|Any CPU.Build.0 = Debug|Any CPU
		{F571DEBD-4EB8-4E95-BC19-A99B570A5650}.Debug|iPhone.ActiveCfg = Debug|Any CPU
		{F571DEBD-4EB8-4E95-BC19-A99B570A5650}.Debug|iPhone.Build.0 = Debug|Any CPU
		{F571DEBD-4EB8-4E95-BC19-A99B570A5650}.Debug|iPhoneSimulator.ActiveCfg = Debug|Any CPU
		{F571DEBD-4EB8-4E95-BC19-A99B570A5650}.Debug|iPhoneSimulator.Build.0 = Debug|Any CPU
		{F571DEBD-4EB8-4E95-BC19-A99B570A5650}.Release|Any CPU.ActiveCfg = Release|Any CPU
		{F571DEBD-4EB8-4E95-BC19-A99B570A5650}.Release|Any CPU.Build.0 = Release|Any CPU
		{F571DEBD-4EB8-4E95-BC19-A99B570A5650}.Release|iPhone.ActiveCfg = Release|Any CPU
		{F571DEBD-4EB8-4E95-BC19-A99B570A5650}.Release|iPhone.Build.0 = Release|Any CPU
		{F571DEBD-4EB8-4E95-BC19-A99B570A5650}.Release|iPhoneSimulator.ActiveCfg = Release|Any CPU
		{F571DEBD-4EB8-4E95-BC19-A99B570A5650}.Release|iPhoneSimulator.Build.0 = Release|Any CPU
	EndGlobalSection
	GlobalSection(SolutionProperties) = preSolution
		HideSolutionNode = FALSE
	EndGlobalSection
	GlobalSection(NestedProjects) = preSolution
		{48D0B106-36E9-49A8-9BA6-6BB2AA97B58C} = {B0FD622D-BA4B-4B31-B1BF-40736F911E89}
		{C8124D15-E4F5-4799-AB34-7A2E54552108} = {B0FD622D-BA4B-4B31-B1BF-40736F911E89}
		{98D9890E-D1CC-4028-AB07-4815D031349F} = {B0FD622D-BA4B-4B31-B1BF-40736F911E89}
		{8E861222-94AC-4048-B264-83CF345CB2C3} = {BF8D86D2-5F72-4559-90EC-7A249CC25B59}
		{96D25C5A-509A-427C-8222-A25B21A9852F} = {BF8D86D2-5F72-4559-90EC-7A249CC25B59}
		{C8B467E0-97E0-4475-97BE-68BA873F71B1} = {BF8D86D2-5F72-4559-90EC-7A249CC25B59}
		{F571DEBD-4EB8-4E95-BC19-A99B570A5650} = {BF8D86D2-5F72-4559-90EC-7A249CC25B59}
	EndGlobalSection
	GlobalSection(ExtensibilityGlobals) = postSolution
		SolutionGuid = {2CE4380E-1D17-4F42-8398-6FF7F6F14244}
	EndGlobalSection
EndGlobal
